// !$*UTF8*$!
{
	archiveVersion = 1;
	classes = {
	};
	objectVersion = 56;
	objects = {

/* Begin PBXBuildFile section */
		3136ED1C2ACF518A00C4DC4B /* APIEndpoint.swift in Sources */ = {isa = PBXBuildFile; fileRef = 3136ED1B2ACF518A00C4DC4B /* APIEndpoint.swift */; };
		3136ED1F2AD1041900C4DC4B /* HTTPURLResponse+Extensions.swift in Sources */ = {isa = PBXBuildFile; fileRef = 3136ED1E2AD1041900C4DC4B /* HTTPURLResponse+Extensions.swift */; };
		3136ED262AD22CD600C4DC4B /* PhotoInfoAgent.swift in Sources */ = {isa = PBXBuildFile; fileRef = 3136ED252AD22CD600C4DC4B /* PhotoInfoAgent.swift */; };
		319746012AD2604100CDAA4A /* Data+Extensions.swift in Sources */ = {isa = PBXBuildFile; fileRef = 319746002AD2604100CDAA4A /* Data+Extensions.swift */; };
		319746032AD2625F00CDAA4A /* HomeListItemView.swift in Sources */ = {isa = PBXBuildFile; fileRef = 319746022AD2625F00CDAA4A /* HomeListItemView.swift */; };
		319746062AD2633500CDAA4A /* RemoteImageModel.swift in Sources */ = {isa = PBXBuildFile; fileRef = 319746052AD2633500CDAA4A /* RemoteImageModel.swift */; };
		319746082AD2636000CDAA4A /* RemoteImageAgent.swift in Sources */ = {isa = PBXBuildFile; fileRef = 319746072AD2636000CDAA4A /* RemoteImageAgent.swift */; };
		31DDEC4E2ACDB00B0081BCC3 /* TypicodePhotosApp.swift in Sources */ = {isa = PBXBuildFile; fileRef = 31DDEC4D2ACDB00B0081BCC3 /* TypicodePhotosApp.swift */; };
		31DDEC502ACDB00B0081BCC3 /* HomeView.swift in Sources */ = {isa = PBXBuildFile; fileRef = 31DDEC4F2ACDB00B0081BCC3 /* HomeView.swift */; };
		31DDEC522ACDB0230081BCC3 /* Assets.xcassets in Resources */ = {isa = PBXBuildFile; fileRef = 31DDEC512ACDB0230081BCC3 /* Assets.xcassets */; };
		31DDEC552ACDB0230081BCC3 /* Preview Assets.xcassets in Resources */ = {isa = PBXBuildFile; fileRef = 31DDEC542ACDB0230081BCC3 /* Preview Assets.xcassets */; };
		31DDEC5C2ACDB05B0081BCC3 /* PhotoInfoModel.swift in Sources */ = {isa = PBXBuildFile; fileRef = 31DDEC5B2ACDB05B0081BCC3 /* PhotoInfoModel.swift */; };
		31DDEC5F2ACDB2280081BCC3 /* NetworkService.swift in Sources */ = {isa = PBXBuildFile; fileRef = 31DDEC5E2ACDB2280081BCC3 /* NetworkService.swift */; };
		31E3C6C72AD2316800EC78DA /* HomeViewModel.swift in Sources */ = {isa = PBXBuildFile; fileRef = 31E3C6C62AD2316800EC78DA /* HomeViewModel.swift */; };
		31E3C6CA2AD237B300EC78DA /* DataAgent.swift in Sources */ = {isa = PBXBuildFile; fileRef = 31E3C6C92AD237B300EC78DA /* DataAgent.swift */; };
/* End PBXBuildFile section */

/* Begin PBXFileReference section */
		3136ED1B2ACF518A00C4DC4B /* APIEndpoint.swift */ = {isa = PBXFileReference; lastKnownFileType = sourcecode.swift; path = APIEndpoint.swift; sourceTree = "<group>"; };
		3136ED1E2AD1041900C4DC4B /* HTTPURLResponse+Extensions.swift */ = {isa = PBXFileReference; lastKnownFileType = sourcecode.swift; path = "HTTPURLResponse+Extensions.swift"; sourceTree = "<group>"; };
		3136ED252AD22CD600C4DC4B /* PhotoInfoAgent.swift */ = {isa = PBXFileReference; lastKnownFileType = sourcecode.swift; path = PhotoInfoAgent.swift; sourceTree = "<group>"; };
		319746002AD2604100CDAA4A /* Data+Extensions.swift */ = {isa = PBXFileReference; lastKnownFileType = sourcecode.swift; path = "Data+Extensions.swift"; sourceTree = "<group>"; };
		319746022AD2625F00CDAA4A /* HomeListItemView.swift */ = {isa = PBXFileReference; lastKnownFileType = sourcecode.swift; path = HomeListItemView.swift; sourceTree = "<group>"; };
		319746052AD2633500CDAA4A /* RemoteImageModel.swift */ = {isa = PBXFileReference; lastKnownFileType = sourcecode.swift; path = RemoteImageModel.swift; sourceTree = "<group>"; };
		319746072AD2636000CDAA4A /* RemoteImageAgent.swift */ = {isa = PBXFileReference; lastKnownFileType = sourcecode.swift; path = RemoteImageAgent.swift; sourceTree = "<group>"; };
		31DDEC4A2ACDB00B0081BCC3 /* TypicodePhotos.app */ = {isa = PBXFileReference; explicitFileType = wrapper.application; includeInIndex = 0; path = TypicodePhotos.app; sourceTree = BUILT_PRODUCTS_DIR; };
		31DDEC4D2ACDB00B0081BCC3 /* TypicodePhotosApp.swift */ = {isa = PBXFileReference; lastKnownFileType = sourcecode.swift; path = TypicodePhotosApp.swift; sourceTree = "<group>"; };
		31DDEC4F2ACDB00B0081BCC3 /* HomeView.swift */ = {isa = PBXFileReference; lastKnownFileType = sourcecode.swift; path = HomeView.swift; sourceTree = "<group>"; };
		31DDEC512ACDB0230081BCC3 /* Assets.xcassets */ = {isa = PBXFileReference; lastKnownFileType = folder.assetcatalog; path = Assets.xcassets; sourceTree = "<group>"; };
		31DDEC542ACDB0230081BCC3 /* Preview Assets.xcassets */ = {isa = PBXFileReference; lastKnownFileType = folder.assetcatalog; path = "Preview Assets.xcassets"; sourceTree = "<group>"; };
		31DDEC5B2ACDB05B0081BCC3 /* PhotoInfoModel.swift */ = {isa = PBXFileReference; lastKnownFileType = sourcecode.swift; path = PhotoInfoModel.swift; sourceTree = "<group>"; };
		31DDEC5E2ACDB2280081BCC3 /* NetworkService.swift */ = {isa = PBXFileReference; lastKnownFileType = sourcecode.swift; path = NetworkService.swift; sourceTree = "<group>"; };
		31DDF21E2AD3702800EAE0B7 /* Info.plist */ = {isa = PBXFileReference; lastKnownFileType = text.plist; path = Info.plist; sourceTree = "<group>"; };
		31E3C6C62AD2316800EC78DA /* HomeViewModel.swift */ = {isa = PBXFileReference; lastKnownFileType = sourcecode.swift; path = HomeViewModel.swift; sourceTree = "<group>"; };
		31E3C6C92AD237B300EC78DA /* DataAgent.swift */ = {isa = PBXFileReference; lastKnownFileType = sourcecode.swift; path = DataAgent.swift; sourceTree = "<group>"; };
/* End PBXFileReference section */

/* Begin PBXFrameworksBuildPhase section */
		31DDEC472ACDB00B0081BCC3 /* Frameworks */ = {
			isa = PBXFrameworksBuildPhase;
			buildActionMask = 2147483647;
			files = (
			);
			runOnlyForDeploymentPostprocessing = 0;
		};
/* End PBXFrameworksBuildPhase section */

/* Begin PBXGroup section */
		3136ED1A2ACF515D00C4DC4B /* Networking */ = {
			isa = PBXGroup;
			children = (
				31DDEC5E2ACDB2280081BCC3 /* NetworkService.swift */,
				3136ED1B2ACF518A00C4DC4B /* APIEndpoint.swift */,
			);
			path = Networking;
			sourceTree = "<group>";
		};
		3136ED1D2AD103F600C4DC4B /* Extensions */ = {
			isa = PBXGroup;
			children = (
				3136ED1E2AD1041900C4DC4B /* HTTPURLResponse+Extensions.swift */,
				319746002AD2604100CDAA4A /* Data+Extensions.swift */,
			);
			path = Extensions;
			sourceTree = "<group>";
		};
		3136ED232AD22C9400C4DC4B /* DataLayer */ = {
			isa = PBXGroup;
			children = (
				319746042AD2631F00CDAA4A /* PhotosImage */,
				3136ED242AD22CAC00C4DC4B /* Photo */,
			);
			path = DataLayer;
			sourceTree = "<group>";
		};
		3136ED242AD22CAC00C4DC4B /* Photo */ = {
			isa = PBXGroup;
			children = (
				31DDEC5B2ACDB05B0081BCC3 /* PhotoInfoModel.swift */,
				3136ED252AD22CD600C4DC4B /* PhotoInfoAgent.swift */,
			);
			path = Photo;
			sourceTree = "<group>";
		};
		3136ED272AD22CE400C4DC4B /* UserInterface */ = {
			isa = PBXGroup;
			children = (
				3136ED282AD22D0200C4DC4B /* Home */,
			);
			path = UserInterface;
			sourceTree = "<group>";
		};
		3136ED282AD22D0200C4DC4B /* Home */ = {
			isa = PBXGroup;
			children = (
				3197460B2AD267AC00CDAA4A /* HomeListItem */,
				31DDEC4F2ACDB00B0081BCC3 /* HomeView.swift */,
				31E3C6C62AD2316800EC78DA /* HomeViewModel.swift */,
			);
			path = Home;
			sourceTree = "<group>";
		};
		319746042AD2631F00CDAA4A /* PhotosImage */ = {
			isa = PBXGroup;
			children = (
				319746052AD2633500CDAA4A /* RemoteImageModel.swift */,
				319746072AD2636000CDAA4A /* RemoteImageAgent.swift */,
			);
			path = PhotosImage;
			sourceTree = "<group>";
		};
		3197460B2AD267AC00CDAA4A /* HomeListItem */ = {
			isa = PBXGroup;
			children = (
				319746022AD2625F00CDAA4A /* HomeListItemView.swift */,
			);
			path = HomeListItem;
			sourceTree = "<group>";
		};
		31DDEC412ACDB00B0081BCC3 = {
			isa = PBXGroup;
			children = (
				31DDEC4C2ACDB00B0081BCC3 /* TypicodePhotos */,
				31DDEC4B2ACDB00B0081BCC3 /* Products */,
			);
			sourceTree = "<group>";
		};
		31DDEC4B2ACDB00B0081BCC3 /* Products */ = {
			isa = PBXGroup;
			children = (
				31DDEC4A2ACDB00B0081BCC3 /* TypicodePhotos.app */,
			);
			name = Products;
			sourceTree = "<group>";
		};
		31DDEC4C2ACDB00B0081BCC3 /* TypicodePhotos */ = {
			isa = PBXGroup;
			children = (
				31DDF21E2AD3702800EAE0B7 /* Info.plist */,
				3136ED232AD22C9400C4DC4B /* DataLayer */,
				3136ED1D2AD103F600C4DC4B /* Extensions */,
				3136ED1A2ACF515D00C4DC4B /* Networking */,
				31E3C6C82AD2379300EC78DA /* Protocols */,
				3136ED272AD22CE400C4DC4B /* UserInterface */,
				31DDEC4D2ACDB00B0081BCC3 /* TypicodePhotosApp.swift */,
				31DDEC512ACDB0230081BCC3 /* Assets.xcassets */,
				31DDEC532ACDB0230081BCC3 /* Preview Content */,
			);
			path = TypicodePhotos;
			sourceTree = "<group>";
		};
		31DDEC532ACDB0230081BCC3 /* Preview Content */ = {
			isa = PBXGroup;
			children = (
				31DDEC542ACDB0230081BCC3 /* Preview Assets.xcassets */,
			);
			path = "Preview Content";
			sourceTree = "<group>";
		};
		31E3C6C82AD2379300EC78DA /* Protocols */ = {
			isa = PBXGroup;
			children = (
				31E3C6C92AD237B300EC78DA /* DataAgent.swift */,
			);
			path = Protocols;
			sourceTree = "<group>";
		};
/* End PBXGroup section */

/* Begin PBXNativeTarget section */
		31DDEC492ACDB00B0081BCC3 /* TypicodePhotos */ = {
			isa = PBXNativeTarget;
			buildConfigurationList = 31DDEC582ACDB0230081BCC3 /* Build configuration list for PBXNativeTarget "TypicodePhotos" */;
			buildPhases = (
				31DDEC462ACDB00B0081BCC3 /* Sources */,
				31DDEC472ACDB00B0081BCC3 /* Frameworks */,
				31DDEC482ACDB00B0081BCC3 /* Resources */,
			);
			buildRules = (
			);
			dependencies = (
			);
			name = TypicodePhotos;
			productName = TypicodePhotos;
			productReference = 31DDEC4A2ACDB00B0081BCC3 /* TypicodePhotos.app */;
			productType = "com.apple.product-type.application";
		};
/* End PBXNativeTarget section */

/* Begin PBXProject section */
		31DDEC422ACDB00B0081BCC3 /* Project object */ = {
			isa = PBXProject;
			attributes = {
				BuildIndependentTargetsInParallel = 1;
				LastSwiftUpdateCheck = 1500;
				LastUpgradeCheck = 1500;
				TargetAttributes = {
					31DDEC492ACDB00B0081BCC3 = {
						CreatedOnToolsVersion = 15.0;
					};
				};
			};
			buildConfigurationList = 31DDEC452ACDB00B0081BCC3 /* Build configuration list for PBXProject "TypicodePhotos" */;
			compatibilityVersion = "Xcode 14.0";
			developmentRegion = en;
			hasScannedForEncodings = 0;
			knownRegions = (
				en,
				Base,
			);
			mainGroup = 31DDEC412ACDB00B0081BCC3;
			productRefGroup = 31DDEC4B2ACDB00B0081BCC3 /* Products */;
			projectDirPath = "";
			projectRoot = "";
			targets = (
				31DDEC492ACDB00B0081BCC3 /* TypicodePhotos */,
			);
		};
/* End PBXProject section */

/* Begin PBXResourcesBuildPhase section */
		31DDEC482ACDB00B0081BCC3 /* Resources */ = {
			isa = PBXResourcesBuildPhase;
			buildActionMask = 2147483647;
			files = (
				31DDEC552ACDB0230081BCC3 /* Preview Assets.xcassets in Resources */,
				31DDEC522ACDB0230081BCC3 /* Assets.xcassets in Resources */,
			);
			runOnlyForDeploymentPostprocessing = 0;
		};
/* End PBXResourcesBuildPhase section */

/* Begin PBXSourcesBuildPhase section */
		31DDEC462ACDB00B0081BCC3 /* Sources */ = {
			isa = PBXSourcesBuildPhase;
			buildActionMask = 2147483647;
			files = (
				3136ED1C2ACF518A00C4DC4B /* APIEndpoint.swift in Sources */,
				319746062AD2633500CDAA4A /* RemoteImageModel.swift in Sources */,
				3136ED262AD22CD600C4DC4B /* PhotoInfoAgent.swift in Sources */,
				31DDEC5F2ACDB2280081BCC3 /* NetworkService.swift in Sources */,
				31E3C6CA2AD237B300EC78DA /* DataAgent.swift in Sources */,
				31E3C6C72AD2316800EC78DA /* HomeViewModel.swift in Sources */,
				31DDEC502ACDB00B0081BCC3 /* HomeView.swift in Sources */,
				31DDEC5C2ACDB05B0081BCC3 /* PhotoInfoModel.swift in Sources */,
				31DDEC4E2ACDB00B0081BCC3 /* TypicodePhotosApp.swift in Sources */,
				3136ED1F2AD1041900C4DC4B /* HTTPURLResponse+Extensions.swift in Sources */,
				319746032AD2625F00CDAA4A /* HomeListItemView.swift in Sources */,
				319746082AD2636000CDAA4A /* RemoteImageAgent.swift in Sources */,
				319746012AD2604100CDAA4A /* Data+Extensions.swift in Sources */,
			);
			runOnlyForDeploymentPostprocessing = 0;
		};
/* End PBXSourcesBuildPhase section */

/* Begin XCBuildConfiguration section */
		31DDEC562ACDB0230081BCC3 /* Debug */ = {
			isa = XCBuildConfiguration;
			buildSettings = {
				ALWAYS_SEARCH_USER_PATHS = NO;
				ASSETCATALOG_COMPILER_GENERATE_SWIFT_ASSET_SYMBOL_EXTENSIONS = YES;
				CLANG_ANALYZER_NONNULL = YES;
				CLANG_ANALYZER_NUMBER_OBJECT_CONVERSION = YES_AGGRESSIVE;
				CLANG_CXX_LANGUAGE_STANDARD = "gnu++20";
				CLANG_ENABLE_MODULES = YES;
				CLANG_ENABLE_OBJC_ARC = YES;
				CLANG_ENABLE_OBJC_WEAK = YES;
				CLANG_WARN_BLOCK_CAPTURE_AUTORELEASING = YES;
				CLANG_WARN_BOOL_CONVERSION = YES;
				CLANG_WARN_COMMA = YES;
				CLANG_WARN_CONSTANT_CONVERSION = YES;
				CLANG_WARN_DEPRECATED_OBJC_IMPLEMENTATIONS = YES;
				CLANG_WARN_DIRECT_OBJC_ISA_USAGE = YES_ERROR;
				CLANG_WARN_DOCUMENTATION_COMMENTS = YES;
				CLANG_WARN_EMPTY_BODY = YES;
				CLANG_WARN_ENUM_CONVERSION = YES;
				CLANG_WARN_INFINITE_RECURSION = YES;
				CLANG_WARN_INT_CONVERSION = YES;
				CLANG_WARN_NON_LITERAL_NULL_CONVERSION = YES;
				CLANG_WARN_OBJC_IMPLICIT_RETAIN_SELF = YES;
				CLANG_WARN_OBJC_LITERAL_CONVERSION = YES;
				CLANG_WARN_OBJC_ROOT_CLASS = YES_ERROR;
				CLANG_WARN_QUOTED_INCLUDE_IN_FRAMEWORK_HEADER = YES;
				CLANG_WARN_RANGE_LOOP_ANALYSIS = YES;
				CLANG_WARN_STRICT_PROTOTYPES = YES;
				CLANG_WARN_SUSPICIOUS_MOVE = YES;
				CLANG_WARN_UNGUARDED_AVAILABILITY = YES_AGGRESSIVE;
				CLANG_WARN_UNREACHABLE_CODE = YES;
				CLANG_WARN__DUPLICATE_METHOD_MATCH = YES;
				COPY_PHASE_STRIP = NO;
				DEBUG_INFORMATION_FORMAT = dwarf;
				ENABLE_STRICT_OBJC_MSGSEND = YES;
				ENABLE_TESTABILITY = YES;
				ENABLE_USER_SCRIPT_SANDBOXING = YES;
				GCC_C_LANGUAGE_STANDARD = gnu17;
				GCC_DYNAMIC_NO_PIC = NO;
				GCC_NO_COMMON_BLOCKS = YES;
				GCC_OPTIMIZATION_LEVEL = 0;
				GCC_PREPROCESSOR_DEFINITIONS = (
					"DEBUG=1",
					"$(inherited)",
				);
				GCC_WARN_64_TO_32_BIT_CONVERSION = YES;
				GCC_WARN_ABOUT_RETURN_TYPE = YES_ERROR;
				GCC_WARN_UNDECLARED_SELECTOR = YES;
				GCC_WARN_UNINITIALIZED_AUTOS = YES_AGGRESSIVE;
				GCC_WARN_UNUSED_FUNCTION = YES;
				GCC_WARN_UNUSED_VARIABLE = YES;
				IPHONEOS_DEPLOYMENT_TARGET = 17.0;
				LOCALIZATION_PREFERS_STRING_CATALOGS = YES;
				MTL_ENABLE_DEBUG_INFO = INCLUDE_SOURCE;
				MTL_FAST_MATH = YES;
				ONLY_ACTIVE_ARCH = YES;
				SDKROOT = iphoneos;
				SWIFT_ACTIVE_COMPILATION_CONDITIONS = "DEBUG $(inherited)";
				SWIFT_OPTIMIZATION_LEVEL = "-Onone";
			};
			name = Debug;
		};
		31DDEC572ACDB0230081BCC3 /* Release */ = {
			isa = XCBuildConfiguration;
			buildSettings = {
				ALWAYS_SEARCH_USER_PATHS = NO;
				ASSETCATALOG_COMPILER_GENERATE_SWIFT_ASSET_SYMBOL_EXTENSIONS = YES;
				CLANG_ANALYZER_NONNULL = YES;
				CLANG_ANALYZER_NUMBER_OBJECT_CONVERSION = YES_AGGRESSIVE;
				CLANG_CXX_LANGUAGE_STANDARD = "gnu++20";
				CLANG_ENABLE_MODULES = YES;
				CLANG_ENABLE_OBJC_ARC = YES;
				CLANG_ENABLE_OBJC_WEAK = YES;
				CLANG_WARN_BLOCK_CAPTURE_AUTORELEASING = YES;
				CLANG_WARN_BOOL_CONVERSION = YES;
				CLANG_WARN_COMMA = YES;
				CLANG_WARN_CONSTANT_CONVERSION = YES;
				CLANG_WARN_DEPRECATED_OBJC_IMPLEMENTATIONS = YES;
				CLANG_WARN_DIRECT_OBJC_ISA_USAGE = YES_ERROR;
				CLANG_WARN_DOCUMENTATION_COMMENTS = YES;
				CLANG_WARN_EMPTY_BODY = YES;
				CLANG_WARN_ENUM_CONVERSION = YES;
				CLANG_WARN_INFINITE_RECURSION = YES;
				CLANG_WARN_INT_CONVERSION = YES;
				CLANG_WARN_NON_LITERAL_NULL_CONVERSION = YES;
				CLANG_WARN_OBJC_IMPLICIT_RETAIN_SELF = YES;
				CLANG_WARN_OBJC_LITERAL_CONVERSION = YES;
				CLANG_WARN_OBJC_ROOT_CLASS = YES_ERROR;
				CLANG_WARN_QUOTED_INCLUDE_IN_FRAMEWORK_HEADER = YES;
				CLANG_WARN_RANGE_LOOP_ANALYSIS = YES;
				CLANG_WARN_STRICT_PROTOTYPES = YES;
				CLANG_WARN_SUSPICIOUS_MOVE = YES;
				CLANG_WARN_UNGUARDED_AVAILABILITY = YES_AGGRESSIVE;
				CLANG_WARN_UNREACHABLE_CODE = YES;
				CLANG_WARN__DUPLICATE_METHOD_MATCH = YES;
				COPY_PHASE_STRIP = NO;
				DEBUG_INFORMATION_FORMAT = "dwarf-with-dsym";
				ENABLE_NS_ASSERTIONS = NO;
				ENABLE_STRICT_OBJC_MSGSEND = YES;
				ENABLE_USER_SCRIPT_SANDBOXING = YES;
				GCC_C_LANGUAGE_STANDARD = gnu17;
				GCC_NO_COMMON_BLOCKS = YES;
				GCC_WARN_64_TO_32_BIT_CONVERSION = YES;
				GCC_WARN_ABOUT_RETURN_TYPE = YES_ERROR;
				GCC_WARN_UNDECLARED_SELECTOR = YES;
				GCC_WARN_UNINITIALIZED_AUTOS = YES_AGGRESSIVE;
				GCC_WARN_UNUSED_FUNCTION = YES;
				GCC_WARN_UNUSED_VARIABLE = YES;
				IPHONEOS_DEPLOYMENT_TARGET = 17.0;
				LOCALIZATION_PREFERS_STRING_CATALOGS = YES;
				MTL_ENABLE_DEBUG_INFO = NO;
				MTL_FAST_MATH = YES;
				SDKROOT = iphoneos;
				SWIFT_COMPILATION_MODE = wholemodule;
				VALIDATE_PRODUCT = YES;
			};
			name = Release;
		};
		31DDEC592ACDB0230081BCC3 /* Debug */ = {
			isa = XCBuildConfiguration;
			buildSettings = {
				ASSETCATALOG_COMPILER_APPICON_NAME = AppIcon;
				ASSETCATALOG_COMPILER_GLOBAL_ACCENT_COLOR_NAME = AccentColor;
				CODE_SIGN_STYLE = Automatic;
				CURRENT_PROJECT_VERSION = 1;
				DEVELOPMENT_ASSET_PATHS = "\"TypicodePhotos/Preview Content\"";
				DEVELOPMENT_TEAM = 65PRBW7K5C;
				ENABLE_PREVIEWS = YES;
				GENERATE_INFOPLIST_FILE = YES;
				INFOPLIST_FILE = TypicodePhotos/Info.plist;
				INFOPLIST_KEY_LSApplicationCategoryType = "";
				INFOPLIST_KEY_UIApplicationSceneManifest_Generation = YES;
				INFOPLIST_KEY_UIApplicationSupportsIndirectInputEvents = YES;
				INFOPLIST_KEY_UISupportedInterfaceOrientations_iPad = "UIInterfaceOrientationPortrait UIInterfaceOrientationPortraitUpsideDown UIInterfaceOrientationLandscapeLeft UIInterfaceOrientationLandscapeRight";
				INFOPLIST_KEY_UISupportedInterfaceOrientations_iPhone = "UIInterfaceOrientationPortrait UIInterfaceOrientationLandscapeLeft UIInterfaceOrientationLandscapeRight";
				LD_RUNPATH_SEARCH_PATHS = (
					"$(inherited)",
					"@executable_path/Frameworks",
				);
				MARKETING_VERSION = 1.0;
				PRODUCT_BUNDLE_IDENTIFIER = com.nateBirkholz.TypicodePhotos;
				PRODUCT_NAME = "$(TARGET_NAME)";
				SWIFT_EMIT_LOC_STRINGS = YES;
				SWIFT_VERSION = 5.0;
				TARGETED_DEVICE_FAMILY = "1,2";
			};
			name = Debug;
		};
		31DDEC5A2ACDB0230081BCC3 /* Release */ = {
			isa = XCBuildConfiguration;
			buildSettings = {
				ASSETCATALOG_COMPILER_APPICON_NAME = AppIcon;
				ASSETCATALOG_COMPILER_GLOBAL_ACCENT_COLOR_NAME = AccentColor;
				CODE_SIGN_STYLE = Automatic;
				CURRENT_PROJECT_VERSION = 1;
				DEVELOPMENT_ASSET_PATHS = "\"TypicodePhotos/Preview Content\"";
				DEVELOPMENT_TEAM = 65PRBW7K5C;
				ENABLE_PREVIEWS = YES;
				GENERATE_INFOPLIST_FILE = YES;
				INFOPLIST_FILE = TypicodePhotos/Info.plist;
				INFOPLIST_KEY_LSApplicationCategoryType = "";
				INFOPLIST_KEY_UIApplicationSceneManifest_Generation = YES;
				INFOPLIST_KEY_UIApplicationSupportsIndirectInputEvents = YES;
				INFOPLIST_KEY_UISupportedInterfaceOrientations_iPad = "UIInterfaceOrientationPortrait UIInterfaceOrientationPortraitUpsideDown UIInterfaceOrientationLandscapeLeft UIInterfaceOrientationLandscapeRight";
				INFOPLIST_KEY_UISupportedInterfaceOrientations_iPhone = "UIInterfaceOrientationPortrait UIInterfaceOrientationLandscapeLeft UIInterfaceOrientationLandscapeRight";
				LD_RUNPATH_SEARCH_PATHS = (
					"$(inherited)",
					"@executable_path/Frameworks",
				);
				MARKETING_VERSION = 1.0;
				PRODUCT_BUNDLE_IDENTIFIER = com.nateBirkholz.TypicodePhotos;
				PRODUCT_NAME = "$(TARGET_NAME)";
				SWIFT_EMIT_LOC_STRINGS = YES;
				SWIFT_VERSION = 5.0;
				TARGETED_DEVICE_FAMILY = "1,2";
			};
			name = Release;
		};
/* End XCBuildConfiguration section */

/* Begin XCConfigurationList section */
		31DDEC452ACDB00B0081BCC3 /* Build configuration list for PBXProject "TypicodePhotos" */ = {
			isa = XCConfigurationList;
			buildConfigurations = (
				31DDEC562ACDB0230081BCC3 /* Debug */,
				31DDEC572ACDB0230081BCC3 /* Release */,
			);
			defaultConfigurationIsVisible = 0;
			defaultConfigurationName = Release;
		};
		31DDEC582ACDB0230081BCC3 /* Build configuration list for PBXNativeTarget "TypicodePhotos" */ = {
			isa = XCConfigurationList;
			buildConfigurations = (
				31DDEC592ACDB0230081BCC3 /* Debug */,
				31DDEC5A2ACDB0230081BCC3 /* Release */,
			);
			defaultConfigurationIsVisible = 0;
			defaultConfigurationName = Release;
		};
/* End XCConfigurationList section */
	};
	rootObject = 31DDEC422ACDB00B0081BCC3 /* Project object */;
}
